
Microsoft Visual Studio Solution File, Format Version 12.00
# Visual Studio Version 16
VisualStudioVersion = 16.0.30114.105
MinimumVisualStudioVersion = 10.0.40219.1
Project("{FAE04EC0-301F-11D3-BF4B-00C04F79EFBC}") = "Ecommerce", "Ecommerce.WebASP\Ecommerce.csproj", "{C8151AE3-3778-40AD-8617-45928923E771}"
EndProject
Global
	GlobalSection(SolutionConfigurationPlatforms) = preSolution
		Debug|Any CPU = Debug|Any CPU
		Release|Any CPU = Release|Any CPU
	EndGlobalSection
	GlobalSection(ProjectConfigurationPlatforms) = postSolution
		{C8151AE3-3778-40AD-8617-45928923E771}.Debug|Any CPU.ActiveCfg = Debug|Any CPU
		{C8151AE3-3778-40AD-8617-45928923E771}.Debug|Any CPU.Build.0 = Debug|Any CPU
		{C8151AE3-3778-40AD-8617-45928923E771}.Release|Any CPU.ActiveCfg = Release|Any CPU
		{C8151AE3-3778-40AD-8617-45928923E771}.Release|Any CPU.Build.0 = Release|Any CPU
	EndGlobalSection
	GlobalSection(SolutionProperties) = preSolution
		HideSolutionNode = FALSE
	EndGlobalSection
	GlobalSection(ExtensibilityGlobals) = postSolution
		SolutionGuid = {7084FF47-1E26-4E94-8819-827E4C7A7E17}
	EndGlobalSection
EndGlobal
